
Microsoft Visual Studio Solution File, Format Version 12.00
# Visual Studio Version 16
VisualStudioVersion = 16.0.30907.101
MinimumVisualStudioVersion = 10.0.40219.1
Project("{FAE04EC0-301F-11D3-BF4B-00C04F79EFBC}") = "CrudUsuariosSqlServer", "CrudUsuariosSqlServer\CrudUsuariosSqlServer.csproj", "{83671016-008F-425A-AC8B-D486EC117FBE}"
EndProject
Global
	GlobalSection(SolutionConfigurationPlatforms) = preSolution
		Debug|Any CPU = Debug|Any CPU
		Release|Any CPU = Release|Any CPU
	EndGlobalSection
	GlobalSection(ProjectConfigurationPlatforms) = postSolution
		{83671016-008F-425A-AC8B-D486EC117FBE}.Debug|Any CPU.ActiveCfg = Debug|Any CPU
		{83671016-008F-425A-AC8B-D486EC117FBE}.Debug|Any CPU.Build.0 = Debug|Any CPU
		{83671016-008F-425A-AC8B-D486EC117FBE}.Release|Any CPU.ActiveCfg = Release|Any CPU
		{83671016-008F-425A-AC8B-D486EC117FBE}.Release|Any CPU.Build.0 = Release|Any CPU
	EndGlobalSection
	GlobalSection(SolutionProperties) = preSolution
		HideSolutionNode = FALSE
	EndGlobalSection
	GlobalSection(ExtensibilityGlobals) = postSolution
		SolutionGuid = {CB139709-AFBB-409B-A730-C540FBE159A0}
	EndGlobalSection
EndGlobal
